
Microsoft Visual Studio Solution File, Format Version 12.00
# Visual Studio Version 16
VisualStudioVersion = 16.0.31624.102
MinimumVisualStudioVersion = 10.0.40219.1
Project("{FAE04EC0-301F-11D3-BF4B-00C04F79EFBC}") = "DungeonEscape", "DungeonEscape\DungeonEscape.csproj", "{97FC68BE-22E2-4819-823A-3451165A50BF}"
EndProject
Global
	GlobalSection(SolutionConfigurationPlatforms) = preSolution
		Debug|Any CPU = Debug|Any CPU
		Release|Any CPU = Release|Any CPU
	EndGlobalSection
	GlobalSection(ProjectConfigurationPlatforms) = postSolution
		{97FC68BE-22E2-4819-823A-3451165A50BF}.Debug|Any CPU.ActiveCfg = Debug|Any CPU
		{97FC68BE-22E2-4819-823A-3451165A50BF}.Debug|Any CPU.Build.0 = Debug|Any CPU
		{97FC68BE-22E2-4819-823A-3451165A50BF}.Release|Any CPU.ActiveCfg = Release|Any CPU
		{97FC68BE-22E2-4819-823A-3451165A50BF}.Release|Any CPU.Build.0 = Release|Any CPU
	EndGlobalSection
	GlobalSection(SolutionProperties) = preSolution
		HideSolutionNode = FALSE
	EndGlobalSection
	GlobalSection(ExtensibilityGlobals) = postSolution
		SolutionGuid = {18963082-62F7-4D40-9193-1D2CEDD44594}
	EndGlobalSection
EndGlobal
